
Microsoft Visual Studio Solution File, Format Version 12.00
Project("{FAE04EC0-301F-11D3-BF4B-00C04F79EFBC}") = "ShitpostBot.Domain", "ShitpostBot.Domain\ShitpostBot.Domain.csproj", "{250E6D26-CA04-4206-82FB-52AD0CF598F1}"
EndProject
Project("{FAE04EC0-301F-11D3-BF4B-00C04F79EFBC}") = "ShitpostBot.Infrastructure", "ShitpostBot.Infrastructure\ShitpostBot.Infrastructure.csproj", "{952EB8B4-19AD-42A0-A2C2-C679FEEF33C7}"
EndProject
Project("{FAE04EC0-301F-11D3-BF4B-00C04F79EFBC}") = "ShitpostBot.Worker", "ShitpostBot.Worker\ShitpostBot.Worker.csproj", "{8AE83E78-585D-4CCE-9C9A-558A2263569A}"
EndProject
Project("{FAE04EC0-301F-11D3-BF4B-00C04F79EFBC}") = "ShitpostBot.Tests.Unit", "ShitpostBot.Tests.Unit\ShitpostBot.Tests.Unit.csproj", "{0F0234C7-4304-4E5F-8874-9233AF904F6B}"
EndProject
Project("{2150E333-8FDC-42A3-9474-1A3956D46DE8}") = "SolutionFolder", "SolutionFolder", "{E6DFC252-CB32-4387-9508-2B75712F489B}"
ProjectSection(SolutionItems) = preProject
	..\docker-compose.yml = ..\docker-compose.yml
	..\docker-compose.Development.Linux.yml = ..\docker-compose.Development.Linux.yml
	..\docker-compose.Production.Portainer.yml = ..\docker-compose.Production.Portainer.yml
EndProjectSection
EndProject
Project("{2150E333-8FDC-42A3-9474-1A3956D46DE8}") = "Core", "Core", "{B408F292-D4EA-401C-BA54-397F4C3299B6}"
EndProject
Project("{2150E333-8FDC-42A3-9474-1A3956D46DE8}") = "Services", "Services", "{3A56F9E7-F12D-40F6-A994-0731AC6C1DB4}"
EndProject
Project("{FAE04EC0-301F-11D3-BF4B-00C04F79EFBC}") = "ShitpostBot.Infrastructure.Migrator", "ShitpostBot.Infrastructure.Migrator\ShitpostBot.Infrastructure.Migrator.csproj", "{4BBF39A3-6FBB-4E7D-B664-11919532FBAC}"
EndProject
Project("{FAE04EC0-301F-11D3-BF4B-00C04F79EFBC}") = "ShitpostBot.Tools", "ShitpostBot.Tools\ShitpostBot.Tools.csproj", "{A2C708AA-54D2-486A-B2C5-174700E604EA}"
EndProject
Project("{2150E333-8FDC-42A3-9474-1A3956D46DE8}") = "Tests", "Tests", "{5F6422C5-4827-4723-8CE4-FDAD994513AE}"
EndProject
Project("{FAE04EC0-301F-11D3-BF4B-00C04F79EFBC}") = "ShitpostBot.Tests.Integration", "ShitpostBot.Tests.Integration\ShitpostBot.Tests.Integration.csproj", "{583F24D0-6056-4C45-B617-C72357345760}"
EndProject
Global
	GlobalSection(SolutionConfigurationPlatforms) = preSolution
		Debug|Any CPU = Debug|Any CPU
		Release|Any CPU = Release|Any CPU
	EndGlobalSection
	GlobalSection(ProjectConfigurationPlatforms) = postSolution
		{250E6D26-CA04-4206-82FB-52AD0CF598F1}.Debug|Any CPU.ActiveCfg = Debug|Any CPU
		{250E6D26-CA04-4206-82FB-52AD0CF598F1}.Debug|Any CPU.Build.0 = Debug|Any CPU
		{250E6D26-CA04-4206-82FB-52AD0CF598F1}.Release|Any CPU.ActiveCfg = Release|Any CPU
		{250E6D26-CA04-4206-82FB-52AD0CF598F1}.Release|Any CPU.Build.0 = Release|Any CPU
		{952EB8B4-19AD-42A0-A2C2-C679FEEF33C7}.Debug|Any CPU.ActiveCfg = Debug|Any CPU
		{952EB8B4-19AD-42A0-A2C2-C679FEEF33C7}.Debug|Any CPU.Build.0 = Debug|Any CPU
		{952EB8B4-19AD-42A0-A2C2-C679FEEF33C7}.Release|Any CPU.ActiveCfg = Release|Any CPU
		{952EB8B4-19AD-42A0-A2C2-C679FEEF33C7}.Release|Any CPU.Build.0 = Release|Any CPU
		{8AE83E78-585D-4CCE-9C9A-558A2263569A}.Debug|Any CPU.ActiveCfg = Debug|Any CPU
		{8AE83E78-585D-4CCE-9C9A-558A2263569A}.Debug|Any CPU.Build.0 = Debug|Any CPU
		{8AE83E78-585D-4CCE-9C9A-558A2263569A}.Release|Any CPU.ActiveCfg = Release|Any CPU
		{8AE83E78-585D-4CCE-9C9A-558A2263569A}.Release|Any CPU.Build.0 = Release|Any CPU
		{0F0234C7-4304-4E5F-8874-9233AF904F6B}.Debug|Any CPU.ActiveCfg = Debug|Any CPU
		{0F0234C7-4304-4E5F-8874-9233AF904F6B}.Debug|Any CPU.Build.0 = Debug|Any CPU
		{0F0234C7-4304-4E5F-8874-9233AF904F6B}.Release|Any CPU.ActiveCfg = Release|Any CPU
		{0F0234C7-4304-4E5F-8874-9233AF904F6B}.Release|Any CPU.Build.0 = Release|Any CPU
		{4BBF39A3-6FBB-4E7D-B664-11919532FBAC}.Debug|Any CPU.ActiveCfg = Debug|Any CPU
		{4BBF39A3-6FBB-4E7D-B664-11919532FBAC}.Debug|Any CPU.Build.0 = Debug|Any CPU
		{4BBF39A3-6FBB-4E7D-B664-11919532FBAC}.Release|Any CPU.ActiveCfg = Release|Any CPU
		{4BBF39A3-6FBB-4E7D-B664-11919532FBAC}.Release|Any CPU.Build.0 = Release|Any CPU
		{A2C708AA-54D2-486A-B2C5-174700E604EA}.Debug|Any CPU.ActiveCfg = Debug|Any CPU
		{A2C708AA-54D2-486A-B2C5-174700E604EA}.Debug|Any CPU.Build.0 = Debug|Any CPU
		{A2C708AA-54D2-486A-B2C5-174700E604EA}.Release|Any CPU.ActiveCfg = Release|Any CPU
		{A2C708AA-54D2-486A-B2C5-174700E604EA}.Release|Any CPU.Build.0 = Release|Any CPU
		{583F24D0-6056-4C45-B617-C72357345760}.Debug|Any CPU.ActiveCfg = Debug|Any CPU
		{583F24D0-6056-4C45-B617-C72357345760}.Debug|Any CPU.Build.0 = Debug|Any CPU
		{583F24D0-6056-4C45-B617-C72357345760}.Release|Any CPU.ActiveCfg = Release|Any CPU
		{583F24D0-6056-4C45-B617-C72357345760}.Release|Any CPU.Build.0 = Release|Any CPU
	EndGlobalSection
	GlobalSection(NestedProjects) = preSolution
		{250E6D26-CA04-4206-82FB-52AD0CF598F1} = {B408F292-D4EA-401C-BA54-397F4C3299B6}
		{952EB8B4-19AD-42A0-A2C2-C679FEEF33C7} = {B408F292-D4EA-401C-BA54-397F4C3299B6}
		{8AE83E78-585D-4CCE-9C9A-558A2263569A} = {3A56F9E7-F12D-40F6-A994-0731AC6C1DB4}
		{4BBF39A3-6FBB-4E7D-B664-11919532FBAC} = {3A56F9E7-F12D-40F6-A994-0731AC6C1DB4}
		{A2C708AA-54D2-486A-B2C5-174700E604EA} = {3A56F9E7-F12D-40F6-A994-0731AC6C1DB4}
		{583F24D0-6056-4C45-B617-C72357345760} = {5F6422C5-4827-4723-8CE4-FDAD994513AE}
		{0F0234C7-4304-4E5F-8874-9233AF904F6B} = {5F6422C5-4827-4723-8CE4-FDAD994513AE}
	EndGlobalSection
EndGlobal
